{
  "name": "ministry-of-truth-uplink",
  "version": "1.0.0",
  "lockfileVersion": 3,
  "requires": true,
  "packages": {
    "": {
      "name": "ministry-of-truth-uplink",
      "version": "1.0.0",
      "license": "ISC",
      "dependencies": {
        "dotenv": "^17.4.2",
        "google-translate-api-x": "^10.7.3"
      }
    },
    "node_modules/dotenv": {
      "version": "17.4.2",
      "resolved": "https://registry.npmjs.org/dotenv/-/dotenv-17.4.2.tgz",
      "integrity": "sha512-nI4U3TottKAcAD9LLud4Cb7b2QztQMUEfHbvhTH09bqXTxnSie8WnjPALV/WMCrJZ6UV/qHJ6L03OqO3LcdYZw==",
      "license": "BSD-2-Clause",
      "engines": {
        "node": ">=12"
      },
      "funding": {
        "url": "https://dotenvx.com"
      }
    },
    "node_modules/google-translate-api-x": {
      "version": "10.7.3",
      "resolved": "https://registry.npmjs.org/google-translate-api-x/-/google-translate-api-x-10.7.3.tgz",
      "integrity": "sha512-UCLhGMyzUiQQJuUjw6KM4scl4WJjMq5kYbq3eqLHB0KB96XBQ+VV7L/NUpJ9eMfVxXswXxA6xWhAX1h1OdDLZg==",
      "license": "MIT",
      "engines": {
        "node": ">=21.0.0"
      },
      "funding": {
        "type": "github",
        "url": "https://github.com/sponsors/AidanWelch"
      }
    }
  }
}
